{
  "projects": [
    {
      "projectId": "58GpZjZCWTaJ8AUhpCwt2K",
      "version": "3.33.0",
      "dependencies": {},
      "lang": "ts",
      "fileLocks": [
        {
          "assetId": "58GpZjZCWTaJ8AUhpCwt2K",
          "type": "projectCss",
          "checksum": "b4cfca3020a1c748035158bb466abc3b"
        },
        {
          "assetId": "58GpZjZCWTaJ8AUhpCwt2K",
          "checksum": "ba5a227fa7f7d5c086cc9a3f0cebe732",
          "type": "projectModule"
        },
        {
          "assetId": "58GpZjZCWTaJ8AUhpCwt2K",
          "checksum": "ce805aeb5be9bd988f98833caab3188b",
          "type": "styleTokensProvider"
        }
      ],
      "codegenVersion": "0.0.2"
    },
    {
      "projectId": "7nJ7UcFmq9UzB6eXfC5z4a",
      "version": "0.36.0",
      "dependencies": {},
      "lang": "ts",
      "fileLocks": [
        {
          "assetId": "7nJ7UcFmq9UzB6eXfC5z4a",
          "type": "projectCss",
          "checksum": "094acef1b416945664ed3718a7cd2665"
        },
        {
          "assetId": "7nJ7UcFmq9UzB6eXfC5z4a",
          "checksum": "7163d6064a75eb61d5378e18a09f8af8",
          "type": "projectModule"
        },
        {
          "assetId": "7nJ7UcFmq9UzB6eXfC5z4a",
          "checksum": "4b44efa19ae2bdd8aa4d0e4ecd07daf0",
          "type": "styleTokensProvider"
        }
      ],
      "codegenVersion": "0.0.2"
    },
    {
      "projectId": "g859oFSV3DRmGwpuroRhgj",
      "version": "latest",
      "dependencies": {
        "7nJ7UcFmq9UzB6eXfC5z4a": "0.36.0",
        "58GpZjZCWTaJ8AUhpCwt2K": "3.33.0"
      },
      "lang": "ts",
      "fileLocks": [
        {
          "type": "globalVariant",
          "assetId": "hejICCe9luEs",
          "checksum": "e655b132fed2c2961889fa628ab7ddbf"
        },
        {
          "assetId": "g859oFSV3DRmGwpuroRhgj",
          "checksum": "0e64ad0f2fec7bd0850527c60c81eb6c",
          "type": "projectModule"
        },
        {
          "assetId": "g859oFSV3DRmGwpuroRhgj",
          "checksum": "66c51980dada4d92c0956a11ae91c60a",
          "type": "styleTokensProvider"
        },
        {
          "type": "renderModule",
          "assetId": "2G_Uke7bZMHO",
          "checksum": "7e1169561421aa706f104978c3cb7b4f"
        },
        {
          "type": "cssRules",
          "assetId": "2G_Uke7bZMHO",
          "checksum": "7e1169561421aa706f104978c3cb7b4f"
        },
        {
          "type": "renderModule",
          "assetId": "zKUZvHPOeI-T",
          "checksum": "f03feff1ef1a84ac5782ca293536f75e"
        },
        {
          "type": "cssRules",
          "assetId": "zKUZvHPOeI-T",
          "checksum": "f03feff1ef1a84ac5782ca293536f75e"
        },
        {
          "type": "renderModule",
          "assetId": "EsbqoEgGV-oi",
          "checksum": "3a18df275879db0755e06a1d20379e75"
        },
        {
          "type": "cssRules",
          "assetId": "EsbqoEgGV-oi",
          "checksum": "3a18df275879db0755e06a1d20379e75"
        },
        {
          "type": "renderModule",
          "assetId": "LEtIYZ_upnZi",
          "checksum": "f828ec1420c1bc63e12600fbebce9a23"
        },
        {
          "type": "cssRules",
          "assetId": "LEtIYZ_upnZi",
          "checksum": "f828ec1420c1bc63e12600fbebce9a23"
        },
        {
          "type": "renderModule",
          "assetId": "ye2U4TvtfPNY",
          "checksum": "c89ac81d6ee2b88926eb457a6ff0fbc5"
        },
        {
          "type": "cssRules",
          "assetId": "ye2U4TvtfPNY",
          "checksum": "c89ac81d6ee2b88926eb457a6ff0fbc5"
        },
        {
          "type": "renderModule",
          "assetId": "mlOC_VwLeQ0r",
          "checksum": "de1ee4814deef1bde1c4d970632ee9c9"
        },
        {
          "type": "cssRules",
          "assetId": "mlOC_VwLeQ0r",
          "checksum": "de1ee4814deef1bde1c4d970632ee9c9"
        },
        {
          "type": "renderModule",
          "assetId": "UwXOeTXrl69y",
          "checksum": "9a9d2b57f05c4b9de6105c2935f30a6d"
        },
        {
          "type": "cssRules",
          "assetId": "UwXOeTXrl69y",
          "checksum": "9a9d2b57f05c4b9de6105c2935f30a6d"
        },
        {
          "type": "renderModule",
          "assetId": "EyQgSZO4KzQb",
          "checksum": "f68a26d45b9775b915d6648306586fbd"
        },
        {
          "type": "cssRules",
          "assetId": "EyQgSZO4KzQb",
          "checksum": "f68a26d45b9775b915d6648306586fbd"
        },
        {
          "type": "renderModule",
          "assetId": "II18wDF7e3j2",
          "checksum": "95928dd93f0719c628357fe249cd4abf"
        },
        {
          "type": "cssRules",
          "assetId": "II18wDF7e3j2",
          "checksum": "95928dd93f0719c628357fe249cd4abf"
        },
        {
          "type": "renderModule",
          "assetId": "QcHGORoVkNbv",
          "checksum": "1b91f217b9660544f85d4007a623570b"
        },
        {
          "type": "cssRules",
          "assetId": "QcHGORoVkNbv",
          "checksum": "1b91f217b9660544f85d4007a623570b"
        },
        {
          "type": "icon",
          "assetId": "2aiRG9SiGRLd",
          "checksum": "ce31df9bfa227843bdc748dea2a2783f"
        },
        {
          "type": "icon",
          "assetId": "grGSG0Zm60P-",
          "checksum": "23b17e7de2df9b0c8fdba51ae4a237b6"
        },
        {
          "type": "icon",
          "assetId": "qOuN0olbwavG",
          "checksum": "8da2cb3d789196b21392ffc2f3c7f51f"
        },
        {
          "type": "icon",
          "assetId": "ceKXX7rXA4eb",
          "checksum": "dc85511222af2b0c47da9ec5e0d05703"
        },
        {
          "type": "icon",
          "assetId": "KytOePAn9Zu8",
          "checksum": "33c97a761eb6a4b3fc6791ab5cfaa192"
        },
        {
          "type": "icon",
          "assetId": "eDAXuaImS739",
          "checksum": "bd658a6026f08b2600165932a4159b7d"
        },
        {
          "type": "icon",
          "assetId": "hfjeKSsZ6ZAS",
          "checksum": "5621da97e6794f4dcf92c22b4186c834"
        },
        {
          "type": "icon",
          "assetId": "kLvQ-1Kz66XR",
          "checksum": "ff8c19cc2a0d28175b2cd577449511d7"
        },
        {
          "type": "icon",
          "assetId": "g2Qd7qqugmzU",
          "checksum": "9cb93cae00168bae91444a6cd2faf425"
        },
        {
          "type": "icon",
          "assetId": "eQcEHKFlV_Hi",
          "checksum": "6ff6cefb6cd1c074f0522e1e0aaa351f"
        },
        {
          "type": "image",
          "assetId": "deeWD-FP-tM3",
          "checksum": "d7be16aab7d0f4302c8808261058b5f3"
        },
        {
          "type": "image",
          "assetId": "sL9RWn9wECuv",
          "checksum": "a363b59c9ea56e2625ac14c8670e9e73"
        },
        {
          "type": "image",
          "assetId": "m2XDJBk1qBUG",
          "checksum": "8c8be5255bc25c1d92d2d54d769d5eee"
        },
        {
          "type": "image",
          "assetId": "vHrsAjXDX-66",
          "checksum": "dfa7538490f690c5c821f18c75128a52"
        },
        {
          "type": "image",
          "assetId": "-S6ZEcyDKahZ",
          "checksum": "325b94c83774aa16f76cec6d4bbc322e"
        },
        {
          "type": "image",
          "assetId": "Um3NHnPUNVT-",
          "checksum": "7a2079b51a0a9af44d91b6ed5bc47df6"
        },
        {
          "type": "image",
          "assetId": "aCLhSKl0C_l9",
          "checksum": "2b4ec37e89d22a1bf0d24f88463d61d9"
        },
        {
          "type": "image",
          "assetId": "eL0NdZUS6DuF",
          "checksum": "f1753b4b92eff1795f444983beccbf67"
        },
        {
          "type": "image",
          "assetId": "9yZ0H_WGFZu_",
          "checksum": "695e54f7298836c0108edca8c43547bc"
        },
        {
          "type": "image",
          "assetId": "kfTwkGVPJ7OS",
          "checksum": "88acd1516720196641d0633bea580349"
        },
        {
          "type": "image",
          "assetId": "xV97qbEQK5G8",
          "checksum": "907e63af991ed7ad0e7273c534684b25"
        },
        {
          "type": "image",
          "assetId": "aENuXjwRxlO3",
          "checksum": "e3e50a754cc94fa67be1e2e95d549f19"
        },
        {
          "type": "image",
          "assetId": "LEz443qTcbV5",
          "checksum": "35a70f243e2218cf090b4407bd5a3291"
        },
        {
          "type": "image",
          "assetId": "V0nmQ8aqwto2",
          "checksum": "e8e9496abc983cde77bb5c36c2a4e9e5"
        },
        {
          "type": "image",
          "assetId": "6e4-SnfKzPZV",
          "checksum": "244023d33ce0d31a68be6b394e9c7978"
        },
        {
          "type": "image",
          "assetId": "QSTLNSCmyAFi",
          "checksum": "d2e0a50ac8b29ba4394810cee6660161"
        },
        {
          "type": "image",
          "assetId": "jg8Fjrkr0y7W",
          "checksum": "f0ec5905936bf787522c641f0db0da9f"
        },
        {
          "type": "image",
          "assetId": "OJHp3Gfa7eTf",
          "checksum": "b65808731476e06fc50caa2ba3e42812"
        },
        {
          "type": "image",
          "assetId": "xRkeUM3iLpk3",
          "checksum": "1583219279842bf0a4951f4ff514cf55"
        },
        {
          "type": "image",
          "assetId": "O0aiklNa3anC",
          "checksum": "c3f915651fe265d37b7d52556cc1828b"
        },
        {
          "type": "image",
          "assetId": "CclpHdNCSBEn",
          "checksum": "7ce5493d0b5a8af21442302cea8c5fe6"
        },
        {
          "type": "image",
          "assetId": "xgUJO8g7FAvm",
          "checksum": "1c3c2e411eb9bf0aeb34be0a04a22fa2"
        },
        {
          "type": "image",
          "assetId": "qUbzPL2MLfum",
          "checksum": "be3acbf22e61723282e9fff2fd41b812"
        },
        {
          "type": "image",
          "assetId": "ub_JA58h64K-",
          "checksum": "27b46d9145529a8cd3195b7bb01c98ae"
        },
        {
          "type": "image",
          "assetId": "oHjFeAVsdkIA",
          "checksum": "9cad8cf73c0fbe41a11b560ce31c8d2e"
        },
        {
          "type": "image",
          "assetId": "TvQVTKwTpz84",
          "checksum": "1b57fb824d1d87beefd884d34eb713fe"
        },
        {
          "type": "image",
          "assetId": "WDvK96EUSND1",
          "checksum": "7117835e2cfb768f9999b9297e85fab2"
        },
        {
          "type": "image",
          "assetId": "6YbFmKv1ezLU",
          "checksum": "ff8fc44ef904e5ae112ec3f3bec018f9"
        },
        {
          "type": "image",
          "assetId": "HLzsOfODw4T3",
          "checksum": "17c2a0be95097532c83934ecf515b718"
        },
        {
          "type": "image",
          "assetId": "JLJTU5kKTgmQ",
          "checksum": "8a4763a06c316c98603bb1f296a3b44f"
        },
        {
          "type": "image",
          "assetId": "_3d0VNp8HfDE",
          "checksum": "46ccbed47fb6dbadb88367a3139308c5"
        },
        {
          "type": "image",
          "assetId": "0U_NuZ_Ll6_X",
          "checksum": "2b8d107bd7ae633b9e19f1ca312e85cc"
        },
        {
          "type": "image",
          "assetId": "Xa0SNRS_7c7i",
          "checksum": "b360e458b4c33edb71c0cd73be7ed46c"
        },
        {
          "type": "image",
          "assetId": "aTs1IAFGyLok",
          "checksum": "0cbe7fbf0a701005daa69747bb83da86"
        },
        {
          "type": "image",
          "assetId": "j5ARcJsBjOs5",
          "checksum": "78d488784df876112ba614c5b8711020"
        },
        {
          "type": "image",
          "assetId": "KtTPFRrxa4sJ",
          "checksum": "649bf1c26c18554ed8a15e3a8d04c6ff"
        },
        {
          "type": "image",
          "assetId": "eOkr2kAcnD8l",
          "checksum": "fe07748a82ab02e7dbf6bafe7a3abeac"
        },
        {
          "type": "image",
          "assetId": "_38H3EPwnEPj",
          "checksum": "86608c4b62fd86e7055498e3eaf87c63"
        },
        {
          "type": "image",
          "assetId": "pMzkQu51NZdp",
          "checksum": "bb929fed95825486a0a11d377b0b86b5"
        },
        {
          "type": "image",
          "assetId": "-OlOcu-DrcxC",
          "checksum": "c8077c0f948128f8d18de230be8d18c4"
        },
        {
          "type": "image",
          "assetId": "E4nAkeNGMZls",
          "checksum": "846bad946b233204b7ed66beecfb1665"
        },
        {
          "type": "image",
          "assetId": "gvsIX_9vojgf",
          "checksum": "33de5474e37c2404a5b6afd54d663d97"
        },
        {
          "type": "image",
          "assetId": "lqIge7Y0th5R",
          "checksum": "905b3baccca24889b0389c7edabff9f1"
        },
        {
          "type": "image",
          "assetId": "YRi4jvefzQq6",
          "checksum": "cb40914b5b865a933ab5d97e77ed93ef"
        },
        {
          "type": "image",
          "assetId": "ysexWigveCQ2",
          "checksum": "efbdcce468c7636b730619183cc5e623"
        },
        {
          "assetId": "g859oFSV3DRmGwpuroRhgj",
          "type": "projectCss",
          "checksum": "63acaa20f748195e55b340aa7853fbcd"
        }
      ],
      "codegenVersion": "0.0.2"
    }
  ],
  "cliVersion": "0.1.342"
}
